
Microsoft Visual Studio Solution File, Format Version 12.00
# Visual Studio 15
VisualStudioVersion = 15.0.28307.1525
MinimumVisualStudioVersion = 10.0.40219.1
Project("{FAE04EC0-301F-11D3-BF4B-00C04F79EFBC}") = "ACME.Domain", "ACME.Domain\ACME.Domain.csproj", "{74939A7A-2C13-4DB0-A384-7C781043102D}"
EndProject
Project("{FAE04EC0-301F-11D3-BF4B-00C04F79EFBC}") = "ACME.UnitTest", "ACME.UnitTest\ACME.UnitTest.csproj", "{FE3D261E-04C4-445E-8453-9FED4D78B619}"
EndProject
Project("{FAE04EC0-301F-11D3-BF4B-00C04F79EFBC}") = "ACME.WebUI", "ACME.WebUI\ACME.WebUI.csproj", "{A584F73F-FAE7-47EB-B12B-409B14EFB284}"
EndProject
Global
	GlobalSection(SolutionConfigurationPlatforms) = preSolution
		Debug|Any CPU = Debug|Any CPU
		Release|Any CPU = Release|Any CPU
	EndGlobalSection
	GlobalSection(ProjectConfigurationPlatforms) = postSolution
		{74939A7A-2C13-4DB0-A384-7C781043102D}.Debug|Any CPU.ActiveCfg = Debug|Any CPU
		{74939A7A-2C13-4DB0-A384-7C781043102D}.Debug|Any CPU.Build.0 = Debug|Any CPU
		{74939A7A-2C13-4DB0-A384-7C781043102D}.Release|Any CPU.ActiveCfg = Release|Any CPU
		{74939A7A-2C13-4DB0-A384-7C781043102D}.Release|Any CPU.Build.0 = Release|Any CPU
		{FE3D261E-04C4-445E-8453-9FED4D78B619}.Debug|Any CPU.ActiveCfg = Debug|Any CPU
		{FE3D261E-04C4-445E-8453-9FED4D78B619}.Debug|Any CPU.Build.0 = Debug|Any CPU
		{FE3D261E-04C4-445E-8453-9FED4D78B619}.Release|Any CPU.ActiveCfg = Release|Any CPU
		{FE3D261E-04C4-445E-8453-9FED4D78B619}.Release|Any CPU.Build.0 = Release|Any CPU
		{A584F73F-FAE7-47EB-B12B-409B14EFB284}.Debug|Any CPU.ActiveCfg = Debug|Any CPU
		{A584F73F-FAE7-47EB-B12B-409B14EFB284}.Debug|Any CPU.Build.0 = Debug|Any CPU
		{A584F73F-FAE7-47EB-B12B-409B14EFB284}.Release|Any CPU.ActiveCfg = Release|Any CPU
		{A584F73F-FAE7-47EB-B12B-409B14EFB284}.Release|Any CPU.Build.0 = Release|Any CPU
	EndGlobalSection
	GlobalSection(SolutionProperties) = preSolution
		HideSolutionNode = FALSE
	EndGlobalSection
	GlobalSection(ExtensibilityGlobals) = postSolution
		SolutionGuid = {1DA0A055-DBEC-4D85-A857-C0EBEF6B78F3}
	EndGlobalSection
EndGlobal
